
Microsoft Visual Studio Solution File, Format Version 12.00
# Visual Studio Version 17
VisualStudioVersion = 17.2.32630.192
MinimumVisualStudioVersion = 10.0.40219.1
Project("{FAE04EC0-301F-11D3-BF4B-00C04F79EFBC}") = "atkinSieve", "eratProject\atkinSieve.csproj", "{196DFCD9-D523-4D8A-8889-A970E06D3BFF}"
EndProject
Project("{9A19103F-16F7-4668-BE54-9A1E7A4F7556}") = "SieveTestProject", "SieveTestProject\SieveTestProject.csproj", "{B4725D79-D4A7-47A9-B080-0166B07240BB}"
EndProject
Global
	GlobalSection(SolutionConfigurationPlatforms) = preSolution
		Debug|Any CPU = Debug|Any CPU
		Release|Any CPU = Release|Any CPU
	EndGlobalSection
	GlobalSection(ProjectConfigurationPlatforms) = postSolution
		{196DFCD9-D523-4D8A-8889-A970E06D3BFF}.Debug|Any CPU.ActiveCfg = Debug|Any CPU
		{196DFCD9-D523-4D8A-8889-A970E06D3BFF}.Debug|Any CPU.Build.0 = Debug|Any CPU
		{196DFCD9-D523-4D8A-8889-A970E06D3BFF}.Release|Any CPU.ActiveCfg = Release|Any CPU
		{196DFCD9-D523-4D8A-8889-A970E06D3BFF}.Release|Any CPU.Build.0 = Release|Any CPU
		{B4725D79-D4A7-47A9-B080-0166B07240BB}.Debug|Any CPU.ActiveCfg = Debug|Any CPU
		{B4725D79-D4A7-47A9-B080-0166B07240BB}.Debug|Any CPU.Build.0 = Debug|Any CPU
		{B4725D79-D4A7-47A9-B080-0166B07240BB}.Release|Any CPU.ActiveCfg = Release|Any CPU
		{B4725D79-D4A7-47A9-B080-0166B07240BB}.Release|Any CPU.Build.0 = Release|Any CPU
	EndGlobalSection
	GlobalSection(SolutionProperties) = preSolution
		HideSolutionNode = FALSE
	EndGlobalSection
	GlobalSection(ExtensibilityGlobals) = postSolution
		SolutionGuid = {B390D1BE-83DE-4B8D-BFA9-0E3DAF435539}
	EndGlobalSection
EndGlobal
